
Microsoft Visual Studio Solution File, Format Version 12.00
# Visual Studio 15
VisualStudioVersion = 15.0.27130.2026
MinimumVisualStudioVersion = 10.0.40219.1
Project("{FAE04EC0-301F-11D3-BF4B-00C04F79EFBC}") = "Xadrez", "Xadrez\Xadrez.csproj", "{20EECC8F-DDAC-4E94-8164-8A998568E24C}"
EndProject
Global
	GlobalSection(SolutionConfigurationPlatforms) = preSolution
		Debug|Any CPU = Debug|Any CPU
		Release|Any CPU = Release|Any CPU
	EndGlobalSection
	GlobalSection(ProjectConfigurationPlatforms) = postSolution
		{20EECC8F-DDAC-4E94-8164-8A998568E24C}.Debug|Any CPU.ActiveCfg = Debug|Any CPU
		{20EECC8F-DDAC-4E94-8164-8A998568E24C}.Debug|Any CPU.Build.0 = Debug|Any CPU
		{20EECC8F-DDAC-4E94-8164-8A998568E24C}.Release|Any CPU.ActiveCfg = Release|Any CPU
		{20EECC8F-DDAC-4E94-8164-8A998568E24C}.Release|Any CPU.Build.0 = Release|Any CPU
	EndGlobalSection
	GlobalSection(SolutionProperties) = preSolution
		HideSolutionNode = FALSE
	EndGlobalSection
	GlobalSection(ExtensibilityGlobals) = postSolution
		SolutionGuid = {B0F37291-CE16-42DB-A048-31B02D1FD897}
	EndGlobalSection
EndGlobal
